
Microsoft Visual Studio Solution File, Format Version 12.00
# Visual Studio Version 16
VisualStudioVersion = 16.0.30002.166
MinimumVisualStudioVersion = 10.0.40219.1
Project("{FAE04EC0-301F-11D3-BF4B-00C04F79EFBC}") = "Singleton", "Singleton\Singleton.csproj", "{A559E8C5-9B8B-4B19-9C56-361ACE952F8A}"
EndProject
Project("{FAE04EC0-301F-11D3-BF4B-00C04F79EFBC}") = "FactoryMethod", "FactoryMethod\FactoryMethod.csproj", "{2FE6D073-BD49-4A23-BB56-3DB1FE6790F0}"
EndProject
Project("{FAE04EC0-301F-11D3-BF4B-00C04F79EFBC}") = "AbstractFactory", "AbstractFactory\AbstractFactory.csproj", "{E44AD4BA-08B8-4E5D-9DD2-C6B1A0162F67}"
EndProject
Project("{FAE04EC0-301F-11D3-BF4B-00C04F79EFBC}") = "Prototype", "Prototype\Prototype.csproj", "{D4406FEB-2B35-4AE1-A9A1-8D3FE752ABDB}"
EndProject
Project("{FAE04EC0-301F-11D3-BF4B-00C04F79EFBC}") = "Builder", "Builder\Builder.csproj", "{F7BE556A-4DC9-4AD9-8507-E13C0ADB3672}"
EndProject
Project("{FAE04EC0-301F-11D3-BF4B-00C04F79EFBC}") = "Facade", "Facade\Facade.csproj", "{3FD5BA90-4A77-4C98-AF8C-8BCA829F9C7E}"
EndProject
Project("{FAE04EC0-301F-11D3-BF4B-00C04F79EFBC}") = "Adapter", "Adapter\Adapter.csproj", "{784B9655-7223-4882-B38E-5C821BEAA625}"
EndProject
Project("{FAE04EC0-301F-11D3-BF4B-00C04F79EFBC}") = "Composite", "Composite\Composite.csproj", "{E7CF1E1E-41EA-450F-9380-9DEDAF9D3826}"
EndProject
Project("{FAE04EC0-301F-11D3-BF4B-00C04F79EFBC}") = "Proxy", "Proxy\Proxy.csproj", "{85C418FA-2810-4E15-91D7-643C730D9E06}"
EndProject
Project("{FAE04EC0-301F-11D3-BF4B-00C04F79EFBC}") = "Decorator", "Decorator\Decorator.csproj", "{C16DE7F9-A81E-47CA-94C1-79F2C6D0D196}"
EndProject
Project("{FAE04EC0-301F-11D3-BF4B-00C04F79EFBC}") = "Brdige", "Brdige\Brdige.csproj", "{C66EB4F4-F3E5-45DD-8941-06D83F0B1B77}"
EndProject
Project("{FAE04EC0-301F-11D3-BF4B-00C04F79EFBC}") = "Strategy", "Strategy\Strategy.csproj", "{CE57527C-19C1-4FF6-A7EF-227704B60B57}"
EndProject
Global
	GlobalSection(SolutionConfigurationPlatforms) = preSolution
		Debug|Any CPU = Debug|Any CPU
		Release|Any CPU = Release|Any CPU
	EndGlobalSection
	GlobalSection(ProjectConfigurationPlatforms) = postSolution
		{A559E8C5-9B8B-4B19-9C56-361ACE952F8A}.Debug|Any CPU.ActiveCfg = Debug|Any CPU
		{A559E8C5-9B8B-4B19-9C56-361ACE952F8A}.Debug|Any CPU.Build.0 = Debug|Any CPU
		{A559E8C5-9B8B-4B19-9C56-361ACE952F8A}.Release|Any CPU.ActiveCfg = Release|Any CPU
		{A559E8C5-9B8B-4B19-9C56-361ACE952F8A}.Release|Any CPU.Build.0 = Release|Any CPU
		{2FE6D073-BD49-4A23-BB56-3DB1FE6790F0}.Debug|Any CPU.ActiveCfg = Debug|Any CPU
		{2FE6D073-BD49-4A23-BB56-3DB1FE6790F0}.Debug|Any CPU.Build.0 = Debug|Any CPU
		{2FE6D073-BD49-4A23-BB56-3DB1FE6790F0}.Release|Any CPU.ActiveCfg = Release|Any CPU
		{2FE6D073-BD49-4A23-BB56-3DB1FE6790F0}.Release|Any CPU.Build.0 = Release|Any CPU
		{E44AD4BA-08B8-4E5D-9DD2-C6B1A0162F67}.Debug|Any CPU.ActiveCfg = Debug|Any CPU
		{E44AD4BA-08B8-4E5D-9DD2-C6B1A0162F67}.Debug|Any CPU.Build.0 = Debug|Any CPU
		{E44AD4BA-08B8-4E5D-9DD2-C6B1A0162F67}.Release|Any CPU.ActiveCfg = Release|Any CPU
		{E44AD4BA-08B8-4E5D-9DD2-C6B1A0162F67}.Release|Any CPU.Build.0 = Release|Any CPU
		{D4406FEB-2B35-4AE1-A9A1-8D3FE752ABDB}.Debug|Any CPU.ActiveCfg = Debug|Any CPU
		{D4406FEB-2B35-4AE1-A9A1-8D3FE752ABDB}.Debug|Any CPU.Build.0 = Debug|Any CPU
		{D4406FEB-2B35-4AE1-A9A1-8D3FE752ABDB}.Release|Any CPU.ActiveCfg = Release|Any CPU
		{D4406FEB-2B35-4AE1-A9A1-8D3FE752ABDB}.Release|Any CPU.Build.0 = Release|Any CPU
		{F7BE556A-4DC9-4AD9-8507-E13C0ADB3672}.Debug|Any CPU.ActiveCfg = Debug|Any CPU
		{F7BE556A-4DC9-4AD9-8507-E13C0ADB3672}.Debug|Any CPU.Build.0 = Debug|Any CPU
		{F7BE556A-4DC9-4AD9-8507-E13C0ADB3672}.Release|Any CPU.ActiveCfg = Release|Any CPU
		{F7BE556A-4DC9-4AD9-8507-E13C0ADB3672}.Release|Any CPU.Build.0 = Release|Any CPU
		{3FD5BA90-4A77-4C98-AF8C-8BCA829F9C7E}.Debug|Any CPU.ActiveCfg = Debug|Any CPU
		{3FD5BA90-4A77-4C98-AF8C-8BCA829F9C7E}.Debug|Any CPU.Build.0 = Debug|Any CPU
		{3FD5BA90-4A77-4C98-AF8C-8BCA829F9C7E}.Release|Any CPU.ActiveCfg = Release|Any CPU
		{3FD5BA90-4A77-4C98-AF8C-8BCA829F9C7E}.Release|Any CPU.Build.0 = Release|Any CPU
		{784B9655-7223-4882-B38E-5C821BEAA625}.Debug|Any CPU.ActiveCfg = Debug|Any CPU
		{784B9655-7223-4882-B38E-5C821BEAA625}.Debug|Any CPU.Build.0 = Debug|Any CPU
		{784B9655-7223-4882-B38E-5C821BEAA625}.Release|Any CPU.ActiveCfg = Release|Any CPU
		{784B9655-7223-4882-B38E-5C821BEAA625}.Release|Any CPU.Build.0 = Release|Any CPU
		{E7CF1E1E-41EA-450F-9380-9DEDAF9D3826}.Debug|Any CPU.ActiveCfg = Debug|Any CPU
		{E7CF1E1E-41EA-450F-9380-9DEDAF9D3826}.Debug|Any CPU.Build.0 = Debug|Any CPU
		{E7CF1E1E-41EA-450F-9380-9DEDAF9D3826}.Release|Any CPU.ActiveCfg = Release|Any CPU
		{E7CF1E1E-41EA-450F-9380-9DEDAF9D3826}.Release|Any CPU.Build.0 = Release|Any CPU
		{85C418FA-2810-4E15-91D7-643C730D9E06}.Debug|Any CPU.ActiveCfg = Debug|Any CPU
		{85C418FA-2810-4E15-91D7-643C730D9E06}.Debug|Any CPU.Build.0 = Debug|Any CPU
		{85C418FA-2810-4E15-91D7-643C730D9E06}.Release|Any CPU.ActiveCfg = Release|Any CPU
		{85C418FA-2810-4E15-91D7-643C730D9E06}.Release|Any CPU.Build.0 = Release|Any CPU
		{C16DE7F9-A81E-47CA-94C1-79F2C6D0D196}.Debug|Any CPU.ActiveCfg = Debug|Any CPU
		{C16DE7F9-A81E-47CA-94C1-79F2C6D0D196}.Debug|Any CPU.Build.0 = Debug|Any CPU
		{C16DE7F9-A81E-47CA-94C1-79F2C6D0D196}.Release|Any CPU.ActiveCfg = Release|Any CPU
		{C16DE7F9-A81E-47CA-94C1-79F2C6D0D196}.Release|Any CPU.Build.0 = Release|Any CPU
		{C66EB4F4-F3E5-45DD-8941-06D83F0B1B77}.Debug|Any CPU.ActiveCfg = Debug|Any CPU
		{C66EB4F4-F3E5-45DD-8941-06D83F0B1B77}.Debug|Any CPU.Build.0 = Debug|Any CPU
		{C66EB4F4-F3E5-45DD-8941-06D83F0B1B77}.Release|Any CPU.ActiveCfg = Release|Any CPU
		{C66EB4F4-F3E5-45DD-8941-06D83F0B1B77}.Release|Any CPU.Build.0 = Release|Any CPU
		{CE57527C-19C1-4FF6-A7EF-227704B60B57}.Debug|Any CPU.ActiveCfg = Debug|Any CPU
		{CE57527C-19C1-4FF6-A7EF-227704B60B57}.Debug|Any CPU.Build.0 = Debug|Any CPU
		{CE57527C-19C1-4FF6-A7EF-227704B60B57}.Release|Any CPU.ActiveCfg = Release|Any CPU
		{CE57527C-19C1-4FF6-A7EF-227704B60B57}.Release|Any CPU.Build.0 = Release|Any CPU
	EndGlobalSection
	GlobalSection(SolutionProperties) = preSolution
		HideSolutionNode = FALSE
	EndGlobalSection
	GlobalSection(ExtensibilityGlobals) = postSolution
		SolutionGuid = {886E2CEA-B484-4EDF-8928-EEF337AA36FB}
	EndGlobalSection
EndGlobal
